
Microsoft Visual Studio Solution File, Format Version 12.00
# Visual Studio Version 16
VisualStudioVersion = 16.0.33801.447
MinimumVisualStudioVersion = 10.0.40219.1
Project("{8BC9CEB8-8B4A-11D0-8D11-00A0C91BC942}") = "cinType", "cinType\cinType.vcxproj", "{15D64A9F-628F-42E5-A3DD-1C92289E7A22}"
EndProject
Global
	GlobalSection(SolutionConfigurationPlatforms) = preSolution
		Debug|x64 = Debug|x64
		Debug|x86 = Debug|x86
		Release|x64 = Release|x64
		Release|x86 = Release|x86
	EndGlobalSection
	GlobalSection(ProjectConfigurationPlatforms) = postSolution
		{15D64A9F-628F-42E5-A3DD-1C92289E7A22}.Debug|x64.ActiveCfg = Debug|x64
		{15D64A9F-628F-42E5-A3DD-1C92289E7A22}.Debug|x64.Build.0 = Debug|x64
		{15D64A9F-628F-42E5-A3DD-1C92289E7A22}.Debug|x86.ActiveCfg = Debug|Win32
		{15D64A9F-628F-42E5-A3DD-1C92289E7A22}.Debug|x86.Build.0 = Debug|Win32
		{15D64A9F-628F-42E5-A3DD-1C92289E7A22}.Release|x64.ActiveCfg = Release|x64
		{15D64A9F-628F-42E5-A3DD-1C92289E7A22}.Release|x64.Build.0 = Release|x64
		{15D64A9F-628F-42E5-A3DD-1C92289E7A22}.Release|x86.ActiveCfg = Release|Win32
		{15D64A9F-628F-42E5-A3DD-1C92289E7A22}.Release|x86.Build.0 = Release|Win32
	EndGlobalSection
	GlobalSection(SolutionProperties) = preSolution
		HideSolutionNode = FALSE
	EndGlobalSection
	GlobalSection(ExtensibilityGlobals) = postSolution
		SolutionGuid = {6AED461D-6A5D-4B03-A90E-148DF46C58AD}
	EndGlobalSection
EndGlobal
