
Microsoft Visual Studio Solution File, Format Version 12.00
# Visual Studio Version 16
VisualStudioVersion = 16.0.33801.447
MinimumVisualStudioVersion = 10.0.40219.1
Project("{8BC9CEB8-8B4A-11D0-8D11-00A0C91BC942}") = "vardemo", "vardemo\vardemo.vcxproj", "{9C87FF58-A650-41AA-9A29-D5C1A09FAC7C}"
EndProject
Global
	GlobalSection(SolutionConfigurationPlatforms) = preSolution
		Debug|x64 = Debug|x64
		Debug|x86 = Debug|x86
		Release|x64 = Release|x64
		Release|x86 = Release|x86
	EndGlobalSection
	GlobalSection(ProjectConfigurationPlatforms) = postSolution
		{9C87FF58-A650-41AA-9A29-D5C1A09FAC7C}.Debug|x64.ActiveCfg = Debug|x64
		{9C87FF58-A650-41AA-9A29-D5C1A09FAC7C}.Debug|x64.Build.0 = Debug|x64
		{9C87FF58-A650-41AA-9A29-D5C1A09FAC7C}.Debug|x86.ActiveCfg = Debug|Win32
		{9C87FF58-A650-41AA-9A29-D5C1A09FAC7C}.Debug|x86.Build.0 = Debug|Win32
		{9C87FF58-A650-41AA-9A29-D5C1A09FAC7C}.Release|x64.ActiveCfg = Release|x64
		{9C87FF58-A650-41AA-9A29-D5C1A09FAC7C}.Release|x64.Build.0 = Release|x64
		{9C87FF58-A650-41AA-9A29-D5C1A09FAC7C}.Release|x86.ActiveCfg = Release|Win32
		{9C87FF58-A650-41AA-9A29-D5C1A09FAC7C}.Release|x86.Build.0 = Release|Win32
	EndGlobalSection
	GlobalSection(SolutionProperties) = preSolution
		HideSolutionNode = FALSE
	EndGlobalSection
	GlobalSection(ExtensibilityGlobals) = postSolution
		SolutionGuid = {5CC47476-6EFF-40DE-8F21-EB7CB9A106E6}
	EndGlobalSection
EndGlobal
