
Microsoft Visual Studio Solution File, Format Version 12.00
# Visual Studio Version 16
VisualStudioVersion = 16.0.33801.447
MinimumVisualStudioVersion = 10.0.40219.1
Project("{8BC9CEB8-8B4A-11D0-8D11-00A0C91BC942}") = "_1_first", "_1_first\_1_first.vcxproj", "{74D20120-B49F-4D03-AF00-FDE629D73D56}"
EndProject
Global
	GlobalSection(SolutionConfigurationPlatforms) = preSolution
		Debug|x64 = Debug|x64
		Debug|x86 = Debug|x86
		Release|x64 = Release|x64
		Release|x86 = Release|x86
	EndGlobalSection
	GlobalSection(ProjectConfigurationPlatforms) = postSolution
		{74D20120-B49F-4D03-AF00-FDE629D73D56}.Debug|x64.ActiveCfg = Debug|x64
		{74D20120-B49F-4D03-AF00-FDE629D73D56}.Debug|x64.Build.0 = Debug|x64
		{74D20120-B49F-4D03-AF00-FDE629D73D56}.Debug|x86.ActiveCfg = Debug|Win32
		{74D20120-B49F-4D03-AF00-FDE629D73D56}.Debug|x86.Build.0 = Debug|Win32
		{74D20120-B49F-4D03-AF00-FDE629D73D56}.Release|x64.ActiveCfg = Release|x64
		{74D20120-B49F-4D03-AF00-FDE629D73D56}.Release|x64.Build.0 = Release|x64
		{74D20120-B49F-4D03-AF00-FDE629D73D56}.Release|x86.ActiveCfg = Release|Win32
		{74D20120-B49F-4D03-AF00-FDE629D73D56}.Release|x86.Build.0 = Release|Win32
	EndGlobalSection
	GlobalSection(SolutionProperties) = preSolution
		HideSolutionNode = FALSE
	EndGlobalSection
	GlobalSection(ExtensibilityGlobals) = postSolution
		SolutionGuid = {DF964423-E1F7-4576-9393-4ECFF89FEF97}
	EndGlobalSection
EndGlobal
